
Microsoft Visual Studio Solution File, Format Version 12.00
# Visual Studio Version 16
VisualStudioVersion = 16.0.30225.117
MinimumVisualStudioVersion = 10.0.40219.1
Project("{FAE04EC0-301F-11D3-BF4B-00C04F79EFBC}") = "taskplanner", "taskplanner\taskplanner.csproj", "{15C8A10F-DAF8-41DD-97BE-8A2018B3F17F}"
EndProject
Global
	GlobalSection(SolutionConfigurationPlatforms) = preSolution
		Debug|Any CPU = Debug|Any CPU
		Release|Any CPU = Release|Any CPU
	EndGlobalSection
	GlobalSection(ProjectConfigurationPlatforms) = postSolution
		{15C8A10F-DAF8-41DD-97BE-8A2018B3F17F}.Debug|Any CPU.ActiveCfg = Debug|Any CPU
		{15C8A10F-DAF8-41DD-97BE-8A2018B3F17F}.Debug|Any CPU.Build.0 = Debug|Any CPU
		{15C8A10F-DAF8-41DD-97BE-8A2018B3F17F}.Release|Any CPU.ActiveCfg = Release|Any CPU
		{15C8A10F-DAF8-41DD-97BE-8A2018B3F17F}.Release|Any CPU.Build.0 = Release|Any CPU
	EndGlobalSection
	GlobalSection(SolutionProperties) = preSolution
		HideSolutionNode = FALSE
	EndGlobalSection
	GlobalSection(ExtensibilityGlobals) = postSolution
		SolutionGuid = {33FE6057-FB9A-4867-BAF4-23CFD2996B8D}
	EndGlobalSection
EndGlobal
